
Microsoft Visual Studio Solution File, Format Version 12.00
# Visual Studio Version 17
VisualStudioVersion = 17.5.33516.290
MinimumVisualStudioVersion = 10.0.40219.1
Project("{FAE04EC0-301F-11D3-BF4B-00C04F79EFBC}") = "RiddleMaker", "RiddleMaker.csproj", "{52CC846F-039C-4B1F-B4EF-63E50F95AF6F}"
EndProject
Project("{FAE04EC0-301F-11D3-BF4B-00C04F79EFBC}") = "RiddleMaker.Data", "..\RiddleMaker.Data\RiddleMaker.Data.csproj", "{AF8FE330-2DB1-448C-B24A-022B8B8A67D2}"
EndProject
Project("{FAE04EC0-301F-11D3-BF4B-00C04F79EFBC}") = "RiddleMaker.Core", "..\RiddleMaker.Core\RiddleMaker.Core.csproj", "{556D75E3-8CD3-4B4B-A040-04CE0BDCC760}"
EndProject
Global
	GlobalSection(SolutionConfigurationPlatforms) = preSolution
		Debug|Any CPU = Debug|Any CPU
		Release|Any CPU = Release|Any CPU
	EndGlobalSection
	GlobalSection(ProjectConfigurationPlatforms) = postSolution
		{52CC846F-039C-4B1F-B4EF-63E50F95AF6F}.Debug|Any CPU.ActiveCfg = Debug|Any CPU
		{52CC846F-039C-4B1F-B4EF-63E50F95AF6F}.Debug|Any CPU.Build.0 = Debug|Any CPU
		{52CC846F-039C-4B1F-B4EF-63E50F95AF6F}.Release|Any CPU.ActiveCfg = Release|Any CPU
		{52CC846F-039C-4B1F-B4EF-63E50F95AF6F}.Release|Any CPU.Build.0 = Release|Any CPU
		{AF8FE330-2DB1-448C-B24A-022B8B8A67D2}.Debug|Any CPU.ActiveCfg = Debug|Any CPU
		{AF8FE330-2DB1-448C-B24A-022B8B8A67D2}.Debug|Any CPU.Build.0 = Debug|Any CPU
		{AF8FE330-2DB1-448C-B24A-022B8B8A67D2}.Release|Any CPU.ActiveCfg = Release|Any CPU
		{AF8FE330-2DB1-448C-B24A-022B8B8A67D2}.Release|Any CPU.Build.0 = Release|Any CPU
		{556D75E3-8CD3-4B4B-A040-04CE0BDCC760}.Debug|Any CPU.ActiveCfg = Debug|Any CPU
		{556D75E3-8CD3-4B4B-A040-04CE0BDCC760}.Debug|Any CPU.Build.0 = Debug|Any CPU
		{556D75E3-8CD3-4B4B-A040-04CE0BDCC760}.Release|Any CPU.ActiveCfg = Release|Any CPU
		{556D75E3-8CD3-4B4B-A040-04CE0BDCC760}.Release|Any CPU.Build.0 = Release|Any CPU
	EndGlobalSection
	GlobalSection(SolutionProperties) = preSolution
		HideSolutionNode = FALSE
	EndGlobalSection
	GlobalSection(ExtensibilityGlobals) = postSolution
		SolutionGuid = {6F2969D1-D1A9-4AE0-B4A2-B9086B1FEF6F}
	EndGlobalSection
EndGlobal
